
Microsoft Visual Studio Solution File, Format Version 12.00
# Visual Studio 15
VisualStudioVersion = 15.0.28307.106
MinimumVisualStudioVersion = 10.0.40219.1
Project("{FAE04EC0-301F-11D3-BF4B-00C04F79EFBC}") = "DotNet", "DotNet\DotNet.csproj", "{EC99A5EE-E78E-4887-9B6C-B2A2CA901442}"
EndProject
Project("{FAE04EC0-301F-11D3-BF4B-00C04F79EFBC}") = "DotNet.Tests", "DotNet.Tests\DotNet.Tests.csproj", "{6D2DCBEA-654A-4F41-82E8-3FEDBB2AB7D0}"
EndProject
Global
	GlobalSection(SolutionConfigurationPlatforms) = preSolution
		Debug|Any CPU = Debug|Any CPU
		Release|Any CPU = Release|Any CPU
	EndGlobalSection
	GlobalSection(ProjectConfigurationPlatforms) = postSolution
		{EC99A5EE-E78E-4887-9B6C-B2A2CA901442}.Debug|Any CPU.ActiveCfg = Debug|Any CPU
		{EC99A5EE-E78E-4887-9B6C-B2A2CA901442}.Debug|Any CPU.Build.0 = Debug|Any CPU
		{EC99A5EE-E78E-4887-9B6C-B2A2CA901442}.Release|Any CPU.ActiveCfg = Release|Any CPU
		{EC99A5EE-E78E-4887-9B6C-B2A2CA901442}.Release|Any CPU.Build.0 = Release|Any CPU
		{6D2DCBEA-654A-4F41-82E8-3FEDBB2AB7D0}.Debug|Any CPU.ActiveCfg = Debug|Any CPU
		{6D2DCBEA-654A-4F41-82E8-3FEDBB2AB7D0}.Debug|Any CPU.Build.0 = Debug|Any CPU
		{6D2DCBEA-654A-4F41-82E8-3FEDBB2AB7D0}.Release|Any CPU.ActiveCfg = Release|Any CPU
		{6D2DCBEA-654A-4F41-82E8-3FEDBB2AB7D0}.Release|Any CPU.Build.0 = Release|Any CPU
	EndGlobalSection
	GlobalSection(SolutionProperties) = preSolution
		HideSolutionNode = FALSE
	EndGlobalSection
	GlobalSection(ExtensibilityGlobals) = postSolution
		SolutionGuid = {53A10FAC-0532-476A-8A53-6454B012F5CA}
	EndGlobalSection
EndGlobal
